
Microsoft Visual Studio Solution File, Format Version 12.00
# Visual Studio 14
VisualStudioVersion = 14.0.25420.1
MinimumVisualStudioVersion = 10.0.40219.1
Project("{FAE04EC0-301F-11D3-BF4B-00C04F79EFBC}") = "MadLibsGame", "MadLibsGame\MadLibsGame.csproj", "{5987A975-F72B-468F-972C-042D5A1A6494}"
EndProject
Project("{FAE04EC0-301F-11D3-BF4B-00C04F79EFBC}") = "MadLibs.Test", "MadLibs.Test\MadLibs.Test.csproj", "{4508875A-1869-498E-A660-918F315B95CE}"
EndProject
Project("{FAE04EC0-301F-11D3-BF4B-00C04F79EFBC}") = "MadLibs.Models", "MadLibs.Models\MadLibs.Models.csproj", "{EAD67FF7-4FE7-47AF-8AF0-0E834D03185D}"
EndProject
Project("{FAE04EC0-301F-11D3-BF4B-00C04F79EFBC}") = "MadLibsFileTester", "MadLibsFileTester\MadLibsFileTester.csproj", "{FF218E09-AC57-4BAC-9FA0-D904942E41FA}"
EndProject
Global
	GlobalSection(SolutionConfigurationPlatforms) = preSolution
		Debug|Any CPU = Debug|Any CPU
		Release|Any CPU = Release|Any CPU
	EndGlobalSection
	GlobalSection(ProjectConfigurationPlatforms) = postSolution
		{5987A975-F72B-468F-972C-042D5A1A6494}.Debug|Any CPU.ActiveCfg = Debug|Any CPU
		{5987A975-F72B-468F-972C-042D5A1A6494}.Debug|Any CPU.Build.0 = Debug|Any CPU
		{5987A975-F72B-468F-972C-042D5A1A6494}.Release|Any CPU.ActiveCfg = Release|Any CPU
		{5987A975-F72B-468F-972C-042D5A1A6494}.Release|Any CPU.Build.0 = Release|Any CPU
		{4508875A-1869-498E-A660-918F315B95CE}.Debug|Any CPU.ActiveCfg = Debug|Any CPU
		{4508875A-1869-498E-A660-918F315B95CE}.Debug|Any CPU.Build.0 = Debug|Any CPU
		{4508875A-1869-498E-A660-918F315B95CE}.Release|Any CPU.ActiveCfg = Release|Any CPU
		{4508875A-1869-498E-A660-918F315B95CE}.Release|Any CPU.Build.0 = Release|Any CPU
		{EAD67FF7-4FE7-47AF-8AF0-0E834D03185D}.Debug|Any CPU.ActiveCfg = Debug|Any CPU
		{EAD67FF7-4FE7-47AF-8AF0-0E834D03185D}.Debug|Any CPU.Build.0 = Debug|Any CPU
		{EAD67FF7-4FE7-47AF-8AF0-0E834D03185D}.Release|Any CPU.ActiveCfg = Release|Any CPU
		{EAD67FF7-4FE7-47AF-8AF0-0E834D03185D}.Release|Any CPU.Build.0 = Release|Any CPU
		{FF218E09-AC57-4BAC-9FA0-D904942E41FA}.Debug|Any CPU.ActiveCfg = Debug|Any CPU
		{FF218E09-AC57-4BAC-9FA0-D904942E41FA}.Debug|Any CPU.Build.0 = Debug|Any CPU
		{FF218E09-AC57-4BAC-9FA0-D904942E41FA}.Release|Any CPU.ActiveCfg = Release|Any CPU
		{FF218E09-AC57-4BAC-9FA0-D904942E41FA}.Release|Any CPU.Build.0 = Release|Any CPU
	EndGlobalSection
	GlobalSection(SolutionProperties) = preSolution
		HideSolutionNode = FALSE
	EndGlobalSection
EndGlobal
